
Microsoft Visual Studio Solution File, Format Version 11.00
# Visual Studio 2010
Project("{FAE04EC0-301F-11D3-BF4B-00C04F79EFBC}") = "WindowsServiceCS", "WindowsServiceCS\WindowsServiceCS.csproj", "{A83430C4-A230-4CF5-817A-38DBE150BE7E}"
EndProject
Project("{F184B08F-C81C-45F6-A57F-5ABD9991F28F}") = "WindowsServiceVB", "WindowsServiceVB\WindowsServiceVB.vbproj", "{0333A6F1-359A-446E-8ADE-66F5D2B8F85E}"
EndProject
Global
	GlobalSection(SolutionConfigurationPlatforms) = preSolution
		Debug|x86 = Debug|x86
		Release|x86 = Release|x86
	EndGlobalSection
	GlobalSection(ProjectConfigurationPlatforms) = postSolution
		{A83430C4-A230-4CF5-817A-38DBE150BE7E}.Debug|x86.ActiveCfg = Debug|x86
		{A83430C4-A230-4CF5-817A-38DBE150BE7E}.Debug|x86.Build.0 = Debug|x86
		{A83430C4-A230-4CF5-817A-38DBE150BE7E}.Release|x86.ActiveCfg = Release|x86
		{A83430C4-A230-4CF5-817A-38DBE150BE7E}.Release|x86.Build.0 = Release|x86
		{0333A6F1-359A-446E-8ADE-66F5D2B8F85E}.Debug|x86.ActiveCfg = Debug|x86
		{0333A6F1-359A-446E-8ADE-66F5D2B8F85E}.Debug|x86.Build.0 = Debug|x86
		{0333A6F1-359A-446E-8ADE-66F5D2B8F85E}.Release|x86.ActiveCfg = Release|x86
		{0333A6F1-359A-446E-8ADE-66F5D2B8F85E}.Release|x86.Build.0 = Release|x86
	EndGlobalSection
	GlobalSection(SolutionProperties) = preSolution
		HideSolutionNode = FALSE
	EndGlobalSection
EndGlobal
